// !$*UTF8*$!
{
	archiveVersion = 1;
	classes = {
	};
	objectVersion = 56;
	objects = {

/* Begin PBXBuildFile section */
		FE0F4ADA29985213007BE3CB /* Space.swift in Sources */ = {isa = PBXBuildFile; fileRef = FE0F4AD929985213007BE3CB /* Space.swift */; };
		FE2BB2E22997508B00D8758A /* Assets.xcassets in Resources */ = {isa = PBXBuildFile; fileRef = FE2BB2E12997508B00D8758A /* Assets.xcassets */; };
		FE2BB2E82997508C00D8758A /* Hayago MessagesExtension.appex in Embed Foundation Extensions */ = {isa = PBXBuildFile; fileRef = FE2BB2E72997508C00D8758A /* Hayago MessagesExtension.appex */; settings = {ATTRIBUTES = (RemoveHeadersOnCopy, ); }; };
		FE2BB2ED2997508C00D8758A /* Messages.framework in Frameworks */ = {isa = PBXBuildFile; fileRef = FE2BB2EC2997508C00D8758A /* Messages.framework */; };
		FE2BB2F02997508C00D8758A /* MessagesViewController.swift in Sources */ = {isa = PBXBuildFile; fileRef = FE2BB2EF2997508C00D8758A /* MessagesViewController.swift */; };
		FE2BB2F32997508C00D8758A /* MainInterface.storyboard in Resources */ = {isa = PBXBuildFile; fileRef = FE2BB2F12997508C00D8758A /* MainInterface.storyboard */; };
		FE2BB2F52997508C00D8758A /* Assets.xcassets in Resources */ = {isa = PBXBuildFile; fileRef = FE2BB2F42997508C00D8758A /* Assets.xcassets */; };
		FE9B1AFD2999613400DFF572 /* GameState.swift in Sources */ = {isa = PBXBuildFile; fileRef = FE9B1AFC2999613400DFF572 /* GameState.swift */; };
/* End PBXBuildFile section */

/* Begin PBXContainerItemProxy section */
		FE2BB2E92997508C00D8758A /* PBXContainerItemProxy */ = {
			isa = PBXContainerItemProxy;
			containerPortal = FE2BB2D82997508A00D8758A /* Project object */;
			proxyType = 1;
			remoteGlobalIDString = FE2BB2E62997508C00D8758A;
			remoteInfo = "Hayago MessagesExtension";
		};
/* End PBXContainerItemProxy section */

/* Begin PBXCopyFilesBuildPhase section */
		FE2BB2FC2997508C00D8758A /* Embed Foundation Extensions */ = {
			isa = PBXCopyFilesBuildPhase;
			buildActionMask = 2147483647;
			dstPath = "";
			dstSubfolderSpec = 13;
			files = (
				FE2BB2E82997508C00D8758A /* Hayago MessagesExtension.appex in Embed Foundation Extensions */,
			);
			name = "Embed Foundation Extensions";
			runOnlyForDeploymentPostprocessing = 0;
		};
/* End PBXCopyFilesBuildPhase section */

/* Begin PBXFileReference section */
		FE0F4AD929985213007BE3CB /* Space.swift */ = {isa = PBXFileReference; lastKnownFileType = sourcecode.swift; path = Space.swift; sourceTree = "<group>"; };
		FE2BB2DE2997508A00D8758A /* Hayago.app */ = {isa = PBXFileReference; explicitFileType = wrapper.application; includeInIndex = 0; path = Hayago.app; sourceTree = BUILT_PRODUCTS_DIR; };
		FE2BB2E12997508B00D8758A /* Assets.xcassets */ = {isa = PBXFileReference; lastKnownFileType = folder.assetcatalog; path = Assets.xcassets; sourceTree = "<group>"; };
		FE2BB2E72997508C00D8758A /* Hayago MessagesExtension.appex */ = {isa = PBXFileReference; explicitFileType = "wrapper.app-extension"; includeInIndex = 0; path = "Hayago MessagesExtension.appex"; sourceTree = BUILT_PRODUCTS_DIR; };
		FE2BB2EC2997508C00D8758A /* Messages.framework */ = {isa = PBXFileReference; lastKnownFileType = wrapper.framework; name = Messages.framework; path = System/Library/Frameworks/Messages.framework; sourceTree = SDKROOT; };
		FE2BB2EF2997508C00D8758A /* MessagesViewController.swift */ = {isa = PBXFileReference; lastKnownFileType = sourcecode.swift; path = MessagesViewController.swift; sourceTree = "<group>"; };
		FE2BB2F22997508C00D8758A /* Base */ = {isa = PBXFileReference; lastKnownFileType = file.storyboard; name = Base; path = Base.lproj/MainInterface.storyboard; sourceTree = "<group>"; };
		FE2BB2F42997508C00D8758A /* Assets.xcassets */ = {isa = PBXFileReference; lastKnownFileType = folder.assetcatalog; path = Assets.xcassets; sourceTree = "<group>"; };
		FE2BB2F62997508C00D8758A /* Info.plist */ = {isa = PBXFileReference; lastKnownFileType = text.plist.xml; path = Info.plist; sourceTree = "<group>"; };
		FE9B1AFC2999613400DFF572 /* GameState.swift */ = {isa = PBXFileReference; lastKnownFileType = sourcecode.swift; path = GameState.swift; sourceTree = "<group>"; };
/* End PBXFileReference section */

/* Begin PBXFrameworksBuildPhase section */
		FE2BB2E42997508C00D8758A /* Frameworks */ = {
			isa = PBXFrameworksBuildPhase;
			buildActionMask = 2147483647;
			files = (
				FE2BB2ED2997508C00D8758A /* Messages.framework in Frameworks */,
			);
			runOnlyForDeploymentPostprocessing = 0;
		};
/* End PBXFrameworksBuildPhase section */

/* Begin PBXGroup section */
		FE2BB2D72997508A00D8758A = {
			isa = PBXGroup;
			children = (
				FE2BB2E02997508A00D8758A /* Hayago */,
				FE2BB2EE2997508C00D8758A /* Hayago MessagesExtension */,
				FE2BB2EB2997508C00D8758A /* Frameworks */,
				FE2BB2DF2997508A00D8758A /* Products */,
			);
			sourceTree = "<group>";
		};
		FE2BB2DF2997508A00D8758A /* Products */ = {
			isa = PBXGroup;
			children = (
				FE2BB2DE2997508A00D8758A /* Hayago.app */,
				FE2BB2E72997508C00D8758A /* Hayago MessagesExtension.appex */,
			);
			name = Products;
			sourceTree = "<group>";
		};
		FE2BB2E02997508A00D8758A /* Hayago */ = {
			isa = PBXGroup;
			children = (
				FE2BB2E12997508B00D8758A /* Assets.xcassets */,
			);
			path = Hayago;
			sourceTree = "<group>";
		};
		FE2BB2EB2997508C00D8758A /* Frameworks */ = {
			isa = PBXGroup;
			children = (
				FE2BB2EC2997508C00D8758A /* Messages.framework */,
			);
			name = Frameworks;
			sourceTree = "<group>";
		};
		FE2BB2EE2997508C00D8758A /* Hayago MessagesExtension */ = {
			isa = PBXGroup;
			children = (
				FE2BB2EF2997508C00D8758A /* MessagesViewController.swift */,
				FE0F4AD929985213007BE3CB /* Space.swift */,
				FE2BB2F12997508C00D8758A /* MainInterface.storyboard */,
				FE2BB2F42997508C00D8758A /* Assets.xcassets */,
				FE2BB2F62997508C00D8758A /* Info.plist */,
				FE9B1AFC2999613400DFF572 /* GameState.swift */,
			);
			path = "Hayago MessagesExtension";
			sourceTree = "<group>";
		};
/* End PBXGroup section */

/* Begin PBXNativeTarget section */
		FE2BB2DD2997508A00D8758A /* Hayago */ = {
			isa = PBXNativeTarget;
			buildConfigurationList = FE2BB2FD2997508C00D8758A /* Build configuration list for PBXNativeTarget "Hayago" */;
			buildPhases = (
				FE2BB2DC2997508A00D8758A /* Resources */,
				FE2BB2FC2997508C00D8758A /* Embed Foundation Extensions */,
			);
			buildRules = (
			);
			dependencies = (
				FE2BB2EA2997508C00D8758A /* PBXTargetDependency */,
			);
			name = Hayago;
			productName = Hayago;
			productReference = FE2BB2DE2997508A00D8758A /* Hayago.app */;
			productType = "com.apple.product-type.application.messages";
		};
		FE2BB2E62997508C00D8758A /* Hayago MessagesExtension */ = {
			isa = PBXNativeTarget;
			buildConfigurationList = FE2BB2F92997508C00D8758A /* Build configuration list for PBXNativeTarget "Hayago MessagesExtension" */;
			buildPhases = (
				FE2BB2E32997508C00D8758A /* Sources */,
				FE2BB2E42997508C00D8758A /* Frameworks */,
				FE2BB2E52997508C00D8758A /* Resources */,
			);
			buildRules = (
			);
			dependencies = (
			);
			name = "Hayago MessagesExtension";
			productName = "Hayago MessagesExtension";
			productReference = FE2BB2E72997508C00D8758A /* Hayago MessagesExtension.appex */;
			productType = "com.apple.product-type.app-extension.messages";
		};
/* End PBXNativeTarget section */

/* Begin PBXProject section */
		FE2BB2D82997508A00D8758A /* Project object */ = {
			isa = PBXProject;
			attributes = {
				BuildIndependentTargetsInParallel = 1;
				LastSwiftUpdateCheck = 1420;
				LastUpgradeCheck = 1420;
				TargetAttributes = {
					FE2BB2DD2997508A00D8758A = {
						CreatedOnToolsVersion = 14.2;
					};
					FE2BB2E62997508C00D8758A = {
						CreatedOnToolsVersion = 14.2;
					};
				};
			};
			buildConfigurationList = FE2BB2DB2997508A00D8758A /* Build configuration list for PBXProject "Hayago" */;
			compatibilityVersion = "Xcode 14.0";
			developmentRegion = en;
			hasScannedForEncodings = 0;
			knownRegions = (
				en,
				Base,
			);
			mainGroup = FE2BB2D72997508A00D8758A;
			productRefGroup = FE2BB2DF2997508A00D8758A /* Products */;
			projectDirPath = "";
			projectRoot = "";
			targets = (
				FE2BB2DD2997508A00D8758A /* Hayago */,
				FE2BB2E62997508C00D8758A /* Hayago MessagesExtension */,
			);
		};
/* End PBXProject section */

/* Begin PBXResourcesBuildPhase section */
		FE2BB2DC2997508A00D8758A /* Resources */ = {
			isa = PBXResourcesBuildPhase;
			buildActionMask = 2147483647;
			files = (
				FE2BB2E22997508B00D8758A /* Assets.xcassets in Resources */,
			);
			runOnlyForDeploymentPostprocessing = 0;
		};
		FE2BB2E52997508C00D8758A /* Resources */ = {
			isa = PBXResourcesBuildPhase;
			buildActionMask = 2147483647;
			files = (
				FE2BB2F52997508C00D8758A /* Assets.xcassets in Resources */,
				FE2BB2F32997508C00D8758A /* MainInterface.storyboard in Resources */,
			);
			runOnlyForDeploymentPostprocessing = 0;
		};
/* End PBXResourcesBuildPhase section */

/* Begin PBXSourcesBuildPhase section */
		FE2BB2E32997508C00D8758A /* Sources */ = {
			isa = PBXSourcesBuildPhase;
			buildActionMask = 2147483647;
			files = (
				FE9B1AFD2999613400DFF572 /* GameState.swift in Sources */,
				FE0F4ADA29985213007BE3CB /* Space.swift in Sources */,
				FE2BB2F02997508C00D8758A /* MessagesViewController.swift in Sources */,
			);
			runOnlyForDeploymentPostprocessing = 0;
		};
/* End PBXSourcesBuildPhase section */

/* Begin PBXTargetDependency section */
		FE2BB2EA2997508C00D8758A /* PBXTargetDependency */ = {
			isa = PBXTargetDependency;
			target = FE2BB2E62997508C00D8758A /* Hayago MessagesExtension */;
			targetProxy = FE2BB2E92997508C00D8758A /* PBXContainerItemProxy */;
		};
/* End PBXTargetDependency section */

/* Begin PBXVariantGroup section */
		FE2BB2F12997508C00D8758A /* MainInterface.storyboard */ = {
			isa = PBXVariantGroup;
			children = (
				FE2BB2F22997508C00D8758A /* Base */,
			);
			name = MainInterface.storyboard;
			sourceTree = "<group>";
		};
/* End PBXVariantGroup section */

/* Begin XCBuildConfiguration section */
		FE2BB2F72997508C00D8758A /* Debug */ = {
			isa = XCBuildConfiguration;
			buildSettings = {
				ALWAYS_SEARCH_USER_PATHS = NO;
				CLANG_ANALYZER_NONNULL = YES;
				CLANG_ANALYZER_NUMBER_OBJECT_CONVERSION = YES_AGGRESSIVE;
				CLANG_CXX_LANGUAGE_STANDARD = "gnu++20";
				CLANG_ENABLE_MODULES = YES;
				CLANG_ENABLE_OBJC_ARC = YES;
				CLANG_ENABLE_OBJC_WEAK = YES;
				CLANG_WARN_BLOCK_CAPTURE_AUTORELEASING = YES;
				CLANG_WARN_BOOL_CONVERSION = YES;
				CLANG_WARN_COMMA = YES;
				CLANG_WARN_CONSTANT_CONVERSION = YES;
				CLANG_WARN_DEPRECATED_OBJC_IMPLEMENTATIONS = YES;
				CLANG_WARN_DIRECT_OBJC_ISA_USAGE = YES_ERROR;
				CLANG_WARN_DOCUMENTATION_COMMENTS = YES;
				CLANG_WARN_EMPTY_BODY = YES;
				CLANG_WARN_ENUM_CONVERSION = YES;
				CLANG_WARN_INFINITE_RECURSION = YES;
				CLANG_WARN_INT_CONVERSION = YES;
				CLANG_WARN_NON_LITERAL_NULL_CONVERSION = YES;
				CLANG_WARN_OBJC_IMPLICIT_RETAIN_SELF = YES;
				CLANG_WARN_OBJC_LITERAL_CONVERSION = YES;
				CLANG_WARN_OBJC_ROOT_CLASS = YES_ERROR;
				CLANG_WARN_QUOTED_INCLUDE_IN_FRAMEWORK_HEADER = YES;
				CLANG_WARN_RANGE_LOOP_ANALYSIS = YES;
				CLANG_WARN_STRICT_PROTOTYPES = YES;
				CLANG_WARN_SUSPICIOUS_MOVE = YES;
				CLANG_WARN_UNGUARDED_AVAILABILITY = YES_AGGRESSIVE;
				CLANG_WARN_UNREACHABLE_CODE = YES;
				CLANG_WARN__DUPLICATE_METHOD_MATCH = YES;
				COPY_PHASE_STRIP = NO;
				DEBUG_INFORMATION_FORMAT = dwarf;
				ENABLE_STRICT_OBJC_MSGSEND = YES;
				ENABLE_TESTABILITY = YES;
				GCC_C_LANGUAGE_STANDARD = gnu11;
				GCC_DYNAMIC_NO_PIC = NO;
				GCC_NO_COMMON_BLOCKS = YES;
				GCC_OPTIMIZATION_LEVEL = 0;
				GCC_PREPROCESSOR_DEFINITIONS = (
					"DEBUG=1",
					"$(inherited)",
				);
				GCC_WARN_64_TO_32_BIT_CONVERSION = YES;
				GCC_WARN_ABOUT_RETURN_TYPE = YES_ERROR;
				GCC_WARN_UNDECLARED_SELECTOR = YES;
				GCC_WARN_UNINITIALIZED_AUTOS = YES_AGGRESSIVE;
				GCC_WARN_UNUSED_FUNCTION = YES;
				GCC_WARN_UNUSED_VARIABLE = YES;
				IPHONEOS_DEPLOYMENT_TARGET = 16.2;
				MTL_ENABLE_DEBUG_INFO = INCLUDE_SOURCE;
				MTL_FAST_MATH = YES;
				ONLY_ACTIVE_ARCH = YES;
				SDKROOT = iphoneos;
				SWIFT_ACTIVE_COMPILATION_CONDITIONS = DEBUG;
				SWIFT_OPTIMIZATION_LEVEL = "-Onone";
			};
			name = Debug;
		};
		FE2BB2F82997508C00D8758A /* Release */ = {
			isa = XCBuildConfiguration;
			buildSettings = {
				ALWAYS_SEARCH_USER_PATHS = NO;
				CLANG_ANALYZER_NONNULL = YES;
				CLANG_ANALYZER_NUMBER_OBJECT_CONVERSION = YES_AGGRESSIVE;
				CLANG_CXX_LANGUAGE_STANDARD = "gnu++20";
				CLANG_ENABLE_MODULES = YES;
				CLANG_ENABLE_OBJC_ARC = YES;
				CLANG_ENABLE_OBJC_WEAK = YES;
				CLANG_WARN_BLOCK_CAPTURE_AUTORELEASING = YES;
				CLANG_WARN_BOOL_CONVERSION = YES;
				CLANG_WARN_COMMA = YES;
				CLANG_WARN_CONSTANT_CONVERSION = YES;
				CLANG_WARN_DEPRECATED_OBJC_IMPLEMENTATIONS = YES;
				CLANG_WARN_DIRECT_OBJC_ISA_USAGE = YES_ERROR;
				CLANG_WARN_DOCUMENTATION_COMMENTS = YES;
				CLANG_WARN_EMPTY_BODY = YES;
				CLANG_WARN_ENUM_CONVERSION = YES;
				CLANG_WARN_INFINITE_RECURSION = YES;
				CLANG_WARN_INT_CONVERSION = YES;
				CLANG_WARN_NON_LITERAL_NULL_CONVERSION = YES;
				CLANG_WARN_OBJC_IMPLICIT_RETAIN_SELF = YES;
				CLANG_WARN_OBJC_LITERAL_CONVERSION = YES;
				CLANG_WARN_OBJC_ROOT_CLASS = YES_ERROR;
				CLANG_WARN_QUOTED_INCLUDE_IN_FRAMEWORK_HEADER = YES;
				CLANG_WARN_RANGE_LOOP_ANALYSIS = YES;
				CLANG_WARN_STRICT_PROTOTYPES = YES;
				CLANG_WARN_SUSPICIOUS_MOVE = YES;
				CLANG_WARN_UNGUARDED_AVAILABILITY = YES_AGGRESSIVE;
				CLANG_WARN_UNREACHABLE_CODE = YES;
				CLANG_WARN__DUPLICATE_METHOD_MATCH = YES;
				COPY_PHASE_STRIP = NO;
				DEBUG_INFORMATION_FORMAT = "dwarf-with-dsym";
				ENABLE_NS_ASSERTIONS = NO;
				ENABLE_STRICT_OBJC_MSGSEND = YES;
				GCC_C_LANGUAGE_STANDARD = gnu11;
				GCC_NO_COMMON_BLOCKS = YES;
				GCC_WARN_64_TO_32_BIT_CONVERSION = YES;
				GCC_WARN_ABOUT_RETURN_TYPE = YES_ERROR;
				GCC_WARN_UNDECLARED_SELECTOR = YES;
				GCC_WARN_UNINITIALIZED_AUTOS = YES_AGGRESSIVE;
				GCC_WARN_UNUSED_FUNCTION = YES;
				GCC_WARN_UNUSED_VARIABLE = YES;
				IPHONEOS_DEPLOYMENT_TARGET = 16.2;
				MTL_ENABLE_DEBUG_INFO = NO;
				MTL_FAST_MATH = YES;
				SDKROOT = iphoneos;
				SWIFT_COMPILATION_MODE = wholemodule;
				SWIFT_OPTIMIZATION_LEVEL = "-O";
				VALIDATE_PRODUCT = YES;
			};
			name = Release;
		};
		FE2BB2FA2997508C00D8758A /* Debug */ = {
			isa = XCBuildConfiguration;
			buildSettings = {
				ASSETCATALOG_COMPILER_APPICON_NAME = "iMessage App Icon";
				CODE_SIGN_STYLE = Automatic;
				CURRENT_PROJECT_VERSION = 1;
				GENERATE_INFOPLIST_FILE = YES;
				INFOPLIST_FILE = "Hayago MessagesExtension/Info.plist";
				INFOPLIST_KEY_CFBundleDisplayName = Hayago;
				INFOPLIST_KEY_NSHumanReadableCopyright = "";
				LD_RUNPATH_SEARCH_PATHS = (
					"$(inherited)",
					"@executable_path/Frameworks",
					"@executable_path/../../Frameworks",
				);
				MARKETING_VERSION = 1.0;
				PRODUCT_BUNDLE_IDENTIFIER = jory.Hayago.MessagesExtension;
				PRODUCT_NAME = "$(TARGET_NAME)";
				SKIP_INSTALL = YES;
				SWIFT_EMIT_LOC_STRINGS = YES;
				SWIFT_VERSION = 5.0;
				TARGETED_DEVICE_FAMILY = "1,2";
			};
			name = Debug;
		};
		FE2BB2FB2997508C00D8758A /* Release */ = {
			isa = XCBuildConfiguration;
			buildSettings = {
				ASSETCATALOG_COMPILER_APPICON_NAME = "iMessage App Icon";
				CODE_SIGN_STYLE = Automatic;
				CURRENT_PROJECT_VERSION = 1;
				GENERATE_INFOPLIST_FILE = YES;
				INFOPLIST_FILE = "Hayago MessagesExtension/Info.plist";
				INFOPLIST_KEY_CFBundleDisplayName = Hayago;
				INFOPLIST_KEY_NSHumanReadableCopyright = "";
				LD_RUNPATH_SEARCH_PATHS = (
					"$(inherited)",
					"@executable_path/Frameworks",
					"@executable_path/../../Frameworks",
				);
				MARKETING_VERSION = 1.0;
				PRODUCT_BUNDLE_IDENTIFIER = jory.Hayago.MessagesExtension;
				PRODUCT_NAME = "$(TARGET_NAME)";
				SKIP_INSTALL = YES;
				SWIFT_EMIT_LOC_STRINGS = YES;
				SWIFT_VERSION = 5.0;
				TARGETED_DEVICE_FAMILY = "1,2";
			};
			name = Release;
		};
		FE2BB2FE2997508C00D8758A /* Debug */ = {
			isa = XCBuildConfiguration;
			buildSettings = {
				ALWAYS_EMBED_SWIFT_STANDARD_LIBRARIES = YES;
				ASSETCATALOG_COMPILER_APPICON_NAME = AppIcon;
				CODE_SIGN_STYLE = Automatic;
				CURRENT_PROJECT_VERSION = 1;
				GENERATE_INFOPLIST_FILE = YES;
				INFOPLIST_KEY_UILaunchStoryboardName = LaunchScreen;
				INFOPLIST_KEY_UISupportedInterfaceOrientations_iPad = "UIInterfaceOrientationPortrait UIInterfaceOrientationPortraitUpsideDown UIInterfaceOrientationLandscapeLeft UIInterfaceOrientationLandscapeRight";
				INFOPLIST_KEY_UISupportedInterfaceOrientations_iPhone = "UIInterfaceOrientationPortrait UIInterfaceOrientationLandscapeLeft UIInterfaceOrientationLandscapeRight";
				MARKETING_VERSION = 1.0;
				PRODUCT_BUNDLE_IDENTIFIER = jory.Hayago;
				PRODUCT_NAME = "$(TARGET_NAME)";
				SUPPORTED_PLATFORMS = "iphoneos iphonesimulator";
				SUPPORTS_MACCATALYST = NO;
				SUPPORTS_MAC_DESIGNED_FOR_IPHONE_IPAD = NO;
				SWIFT_EMIT_LOC_STRINGS = YES;
				SWIFT_VERSION = 5.0;
				TARGETED_DEVICE_FAMILY = 1;
			};
			name = Debug;
		};
		FE2BB2FF2997508C00D8758A /* Release */ = {
			isa = XCBuildConfiguration;
			buildSettings = {
				ALWAYS_EMBED_SWIFT_STANDARD_LIBRARIES = YES;
				ASSETCATALOG_COMPILER_APPICON_NAME = AppIcon;
				CODE_SIGN_STYLE = Automatic;
				CURRENT_PROJECT_VERSION = 1;
				GENERATE_INFOPLIST_FILE = YES;
				INFOPLIST_KEY_UILaunchStoryboardName = LaunchScreen;
				INFOPLIST_KEY_UISupportedInterfaceOrientations_iPad = "UIInterfaceOrientationPortrait UIInterfaceOrientationPortraitUpsideDown UIInterfaceOrientationLandscapeLeft UIInterfaceOrientationLandscapeRight";
				INFOPLIST_KEY_UISupportedInterfaceOrientations_iPhone = "UIInterfaceOrientationPortrait UIInterfaceOrientationLandscapeLeft UIInterfaceOrientationLandscapeRight";
				MARKETING_VERSION = 1.0;
				PRODUCT_BUNDLE_IDENTIFIER = jory.Hayago;
				PRODUCT_NAME = "$(TARGET_NAME)";
				SUPPORTED_PLATFORMS = "iphoneos iphonesimulator";
				SUPPORTS_MACCATALYST = NO;
				SUPPORTS_MAC_DESIGNED_FOR_IPHONE_IPAD = NO;
				SWIFT_EMIT_LOC_STRINGS = YES;
				SWIFT_VERSION = 5.0;
				TARGETED_DEVICE_FAMILY = 1;
			};
			name = Release;
		};
/* End XCBuildConfiguration section */

/* Begin XCConfigurationList section */
		FE2BB2DB2997508A00D8758A /* Build configuration list for PBXProject "Hayago" */ = {
			isa = XCConfigurationList;
			buildConfigurations = (
				FE2BB2F72997508C00D8758A /* Debug */,
				FE2BB2F82997508C00D8758A /* Release */,
			);
			defaultConfigurationIsVisible = 0;
			defaultConfigurationName = Release;
		};
		FE2BB2F92997508C00D8758A /* Build configuration list for PBXNativeTarget "Hayago MessagesExtension" */ = {
			isa = XCConfigurationList;
			buildConfigurations = (
				FE2BB2FA2997508C00D8758A /* Debug */,
				FE2BB2FB2997508C00D8758A /* Release */,
			);
			defaultConfigurationIsVisible = 0;
			defaultConfigurationName = Release;
		};
		FE2BB2FD2997508C00D8758A /* Build configuration list for PBXNativeTarget "Hayago" */ = {
			isa = XCConfigurationList;
			buildConfigurations = (
				FE2BB2FE2997508C00D8758A /* Debug */,
				FE2BB2FF2997508C00D8758A /* Release */,
			);
			defaultConfigurationIsVisible = 0;
			defaultConfigurationName = Release;
		};
/* End XCConfigurationList section */
	};
	rootObject = FE2BB2D82997508A00D8758A /* Project object */;
}
